
Microsoft Visual Studio Solution File, Format Version 12.00
# Visual Studio Version 17
VisualStudioVersion = 17.6.33723.286
MinimumVisualStudioVersion = 10.0.40219.1
Project("{9A19103F-16F7-4668-BE54-9A1E7A4F7556}") = "ToDoEf", "ToDoEf\ToDoEf.csproj", "{B043995A-E6DA-4FC4-BBD7-CB5D7A5CB71E}"
EndProject
Global
	GlobalSection(SolutionConfigurationPlatforms) = preSolution
		Debug|Any CPU = Debug|Any CPU
		Release|Any CPU = Release|Any CPU
	EndGlobalSection
	GlobalSection(ProjectConfigurationPlatforms) = postSolution
		{B043995A-E6DA-4FC4-BBD7-CB5D7A5CB71E}.Debug|Any CPU.ActiveCfg = Debug|Any CPU
		{B043995A-E6DA-4FC4-BBD7-CB5D7A5CB71E}.Debug|Any CPU.Build.0 = Debug|Any CPU
		{B043995A-E6DA-4FC4-BBD7-CB5D7A5CB71E}.Release|Any CPU.ActiveCfg = Release|Any CPU
		{B043995A-E6DA-4FC4-BBD7-CB5D7A5CB71E}.Release|Any CPU.Build.0 = Release|Any CPU
	EndGlobalSection
	GlobalSection(SolutionProperties) = preSolution
		HideSolutionNode = FALSE
	EndGlobalSection
	GlobalSection(ExtensibilityGlobals) = postSolution
		SolutionGuid = {A0B32E0F-6B61-4588-B836-FC6622D9F10A}
	EndGlobalSection
EndGlobal
